
Microsoft Visual Studio Solution File, Format Version 12.00
# Visual Studio Version 16
VisualStudioVersion = 16.0.29326.143
MinimumVisualStudioVersion = 10.0.40219.1
Project("{FAE04EC0-301F-11D3-BF4B-00C04F79EFBC}") = "fyle-backend", "fyle-backend\fyle-backend.csproj", "{1D1BA9AA-88E7-4027-8ED1-BB090A5E6DE3}"
EndProject
Global
	GlobalSection(SolutionConfigurationPlatforms) = preSolution
		Debug|Any CPU = Debug|Any CPU
		Release|Any CPU = Release|Any CPU
	EndGlobalSection
	GlobalSection(ProjectConfigurationPlatforms) = postSolution
		{1D1BA9AA-88E7-4027-8ED1-BB090A5E6DE3}.Debug|Any CPU.ActiveCfg = Debug|Any CPU
		{1D1BA9AA-88E7-4027-8ED1-BB090A5E6DE3}.Debug|Any CPU.Build.0 = Debug|Any CPU
		{1D1BA9AA-88E7-4027-8ED1-BB090A5E6DE3}.Release|Any CPU.ActiveCfg = Release|Any CPU
		{1D1BA9AA-88E7-4027-8ED1-BB090A5E6DE3}.Release|Any CPU.Build.0 = Release|Any CPU
	EndGlobalSection
	GlobalSection(SolutionProperties) = preSolution
		HideSolutionNode = FALSE
	EndGlobalSection
	GlobalSection(ExtensibilityGlobals) = postSolution
		SolutionGuid = {88983895-7242-414D-96AD-820AED395A0A}
	EndGlobalSection
EndGlobal
